
Microsoft Visual Studio Solution File, Format Version 12.00
# Visual Studio 15
VisualStudioVersion = 15.0.28307.572
MinimumVisualStudioVersion = 10.0.40219.1
Project("{FAE04EC0-301F-11D3-BF4B-00C04F79EFBC}") = "Dynamic", "Dynamic\Dynamic.csproj", "{88A3CFC6-C731-4205-B84B-2920FF24412E}"
EndProject
Global
	GlobalSection(SolutionConfigurationPlatforms) = preSolution
		Debug|Any CPU = Debug|Any CPU
		Release|Any CPU = Release|Any CPU
	EndGlobalSection
	GlobalSection(ProjectConfigurationPlatforms) = postSolution
		{88A3CFC6-C731-4205-B84B-2920FF24412E}.Debug|Any CPU.ActiveCfg = Debug|Any CPU
		{88A3CFC6-C731-4205-B84B-2920FF24412E}.Debug|Any CPU.Build.0 = Debug|Any CPU
		{88A3CFC6-C731-4205-B84B-2920FF24412E}.Release|Any CPU.ActiveCfg = Release|Any CPU
		{88A3CFC6-C731-4205-B84B-2920FF24412E}.Release|Any CPU.Build.0 = Release|Any CPU
	EndGlobalSection
	GlobalSection(SolutionProperties) = preSolution
		HideSolutionNode = FALSE
	EndGlobalSection
	GlobalSection(ExtensibilityGlobals) = postSolution
		SolutionGuid = {C5EEDB71-72FC-43E5-AEEA-233C25B0FB3D}
	EndGlobalSection
EndGlobal
